
Microsoft Visual Studio Solution File, Format Version 12.00
# Visual Studio 2012
Project("{FAE04EC0-301F-11D3-BF4B-00C04F79EFBC}") = "ExtMvcDeo", "ExtMvcDeo\ExtMvcDeo.csproj", "{A5FD08CA-1CD4-4646-B9AF-5B150ECD6C3C}"
EndProject
Project("{FAE04EC0-301F-11D3-BF4B-00C04F79EFBC}") = "ExtMvcDeo.Tests", "ExtMvcDeo.Tests\ExtMvcDeo.Tests.csproj", "{46EE0B28-4922-41BF-BDBF-19764642D427}"
EndProject
Global
	GlobalSection(SolutionConfigurationPlatforms) = preSolution
		Debug|Any CPU = Debug|Any CPU
		Release|Any CPU = Release|Any CPU
	EndGlobalSection
	GlobalSection(ProjectConfigurationPlatforms) = postSolution
		{A5FD08CA-1CD4-4646-B9AF-5B150ECD6C3C}.Debug|Any CPU.ActiveCfg = Debug|Any CPU
		{A5FD08CA-1CD4-4646-B9AF-5B150ECD6C3C}.Debug|Any CPU.Build.0 = Debug|Any CPU
		{A5FD08CA-1CD4-4646-B9AF-5B150ECD6C3C}.Release|Any CPU.ActiveCfg = Release|Any CPU
		{A5FD08CA-1CD4-4646-B9AF-5B150ECD6C3C}.Release|Any CPU.Build.0 = Release|Any CPU
		{46EE0B28-4922-41BF-BDBF-19764642D427}.Debug|Any CPU.ActiveCfg = Debug|Any CPU
		{46EE0B28-4922-41BF-BDBF-19764642D427}.Debug|Any CPU.Build.0 = Debug|Any CPU
		{46EE0B28-4922-41BF-BDBF-19764642D427}.Release|Any CPU.ActiveCfg = Release|Any CPU
		{46EE0B28-4922-41BF-BDBF-19764642D427}.Release|Any CPU.Build.0 = Release|Any CPU
	EndGlobalSection
	GlobalSection(SolutionProperties) = preSolution
		HideSolutionNode = FALSE
	EndGlobalSection
EndGlobal
