
Microsoft Visual Studio Solution File, Format Version 12.00
# Visual Studio 2012
Project("{2150E333-8FDC-42A3-9474-1A3956D46DE8}") = "Framework", "Framework", "{9C03B017-05A7-4E26-895F-3F7E7381B0D0}"
EndProject
Project("{FAE04EC0-301F-11D3-BF4B-00C04F79EFBC}") = "YX.Framework.Common", "YX.Framework.Common\YX.Framework.Common.csproj", "{AC572E3D-462B-4F5F-B785-C40A1C89D0E4}"
EndProject
Project("{FAE04EC0-301F-11D3-BF4B-00C04F79EFBC}") = "YX.Framework.DataAccess", "YX.Framework.DataAccess\YX.Framework.DataAccess.csproj", "{B802E1A0-246E-4F38-ABFD-EB7F55D24B09}"
EndProject
Project("{2150E333-8FDC-42A3-9474-1A3956D46DE8}") = "DataAccess", "DataAccess", "{4D6CD95D-A82F-47B6-92FC-D0F2D875DB48}"
EndProject
Project("{FAE04EC0-301F-11D3-BF4B-00C04F79EFBC}") = "YX.DataAccess", "YX.DataAccess\YX.DataAccess.csproj", "{5BA8DCE6-E655-4422-8851-0ACFE041DAEA}"
EndProject
Project("{FAE04EC0-301F-11D3-BF4B-00C04F79EFBC}") = "UnitTestProject", "UnitTestProject1\UnitTestProject.csproj", "{119F379A-5ED2-4296-8716-FD51BB53181C}"
EndProject
Project("{2150E333-8FDC-42A3-9474-1A3956D46DE8}") = "Portal", "Portal", "{103E1C4F-4E0B-4F99-A1EE-3F14AB0FA6D3}"
EndProject
Project("{FAE04EC0-301F-11D3-BF4B-00C04F79EFBC}") = "Yx.Portal", "Yx.Portal\Yx.Portal.csproj", "{9F4619E9-0C41-4E0E-B4E4-CBAEE140D6B5}"
EndProject
Global
	GlobalSection(SolutionConfigurationPlatforms) = preSolution
		Debug|Any CPU = Debug|Any CPU
		Release|Any CPU = Release|Any CPU
	EndGlobalSection
	GlobalSection(ProjectConfigurationPlatforms) = postSolution
		{AC572E3D-462B-4F5F-B785-C40A1C89D0E4}.Debug|Any CPU.ActiveCfg = Debug|Any CPU
		{AC572E3D-462B-4F5F-B785-C40A1C89D0E4}.Debug|Any CPU.Build.0 = Debug|Any CPU
		{AC572E3D-462B-4F5F-B785-C40A1C89D0E4}.Release|Any CPU.ActiveCfg = Release|Any CPU
		{AC572E3D-462B-4F5F-B785-C40A1C89D0E4}.Release|Any CPU.Build.0 = Release|Any CPU
		{B802E1A0-246E-4F38-ABFD-EB7F55D24B09}.Debug|Any CPU.ActiveCfg = Debug|Any CPU
		{B802E1A0-246E-4F38-ABFD-EB7F55D24B09}.Debug|Any CPU.Build.0 = Debug|Any CPU
		{B802E1A0-246E-4F38-ABFD-EB7F55D24B09}.Release|Any CPU.ActiveCfg = Release|Any CPU
		{B802E1A0-246E-4F38-ABFD-EB7F55D24B09}.Release|Any CPU.Build.0 = Release|Any CPU
		{5BA8DCE6-E655-4422-8851-0ACFE041DAEA}.Debug|Any CPU.ActiveCfg = Debug|Any CPU
		{5BA8DCE6-E655-4422-8851-0ACFE041DAEA}.Debug|Any CPU.Build.0 = Debug|Any CPU
		{5BA8DCE6-E655-4422-8851-0ACFE041DAEA}.Release|Any CPU.ActiveCfg = Release|Any CPU
		{5BA8DCE6-E655-4422-8851-0ACFE041DAEA}.Release|Any CPU.Build.0 = Release|Any CPU
		{119F379A-5ED2-4296-8716-FD51BB53181C}.Debug|Any CPU.ActiveCfg = Debug|Any CPU
		{119F379A-5ED2-4296-8716-FD51BB53181C}.Debug|Any CPU.Build.0 = Debug|Any CPU
		{119F379A-5ED2-4296-8716-FD51BB53181C}.Release|Any CPU.ActiveCfg = Release|Any CPU
		{119F379A-5ED2-4296-8716-FD51BB53181C}.Release|Any CPU.Build.0 = Release|Any CPU
		{9F4619E9-0C41-4E0E-B4E4-CBAEE140D6B5}.Debug|Any CPU.ActiveCfg = Debug|Any CPU
		{9F4619E9-0C41-4E0E-B4E4-CBAEE140D6B5}.Debug|Any CPU.Build.0 = Debug|Any CPU
		{9F4619E9-0C41-4E0E-B4E4-CBAEE140D6B5}.Release|Any CPU.ActiveCfg = Release|Any CPU
		{9F4619E9-0C41-4E0E-B4E4-CBAEE140D6B5}.Release|Any CPU.Build.0 = Release|Any CPU
	EndGlobalSection
	GlobalSection(SolutionProperties) = preSolution
		HideSolutionNode = FALSE
	EndGlobalSection
	GlobalSection(NestedProjects) = preSolution
		{AC572E3D-462B-4F5F-B785-C40A1C89D0E4} = {9C03B017-05A7-4E26-895F-3F7E7381B0D0}
		{B802E1A0-246E-4F38-ABFD-EB7F55D24B09} = {9C03B017-05A7-4E26-895F-3F7E7381B0D0}
		{5BA8DCE6-E655-4422-8851-0ACFE041DAEA} = {4D6CD95D-A82F-47B6-92FC-D0F2D875DB48}
		{9F4619E9-0C41-4E0E-B4E4-CBAEE140D6B5} = {103E1C4F-4E0B-4F99-A1EE-3F14AB0FA6D3}
	EndGlobalSection
EndGlobal
