
Microsoft Visual Studio Solution File, Format Version 12.00
# Visual Studio 2013
VisualStudioVersion = 12.0.21005.1
MinimumVisualStudioVersion = 10.0.40219.1
Project("{2150E333-8FDC-42A3-9474-1A3956D46DE8}") = "Framework", "Framework", "{9C03B017-05A7-4E26-895F-3F7E7381B0D0}"
EndProject
Project("{FAE04EC0-301F-11D3-BF4B-00C04F79EFBC}") = "YX.Framework.Common", "YX.Framework.Common\YX.Framework.Common.csproj", "{AC572E3D-462B-4F5F-B785-C40A1C89D0E4}"
EndProject
Project("{FAE04EC0-301F-11D3-BF4B-00C04F79EFBC}") = "YX.Framework.DataAccess", "YX.Framework.DataAccess\YX.Framework.DataAccess.csproj", "{B802E1A0-246E-4F38-ABFD-EB7F55D24B09}"
EndProject
Project("{2150E333-8FDC-42A3-9474-1A3956D46DE8}") = "DataAccess", "DataAccess", "{4D6CD95D-A82F-47B6-92FC-D0F2D875DB48}"
EndProject
Project("{FAE04EC0-301F-11D3-BF4B-00C04F79EFBC}") = "YX.DataAccess", "YX.DataAccess\YX.DataAccess.csproj", "{5BA8DCE6-E655-4422-8851-0ACFE041DAEA}"
EndProject
Project("{FAE04EC0-301F-11D3-BF4B-00C04F79EFBC}") = "UnitTestProject", "UnitTestProject1\UnitTestProject.csproj", "{119F379A-5ED2-4296-8716-FD51BB53181C}"
EndProject
Project("{2150E333-8FDC-42A3-9474-1A3956D46DE8}") = "Portal", "Portal", "{103E1C4F-4E0B-4F99-A1EE-3F14AB0FA6D3}"
EndProject
Project("{FAE04EC0-301F-11D3-BF4B-00C04F79EFBC}") = "Yx.Portal", "Yx.Portal\Yx.Portal.csproj", "{564A0DFF-B5C9-4E90-9487-A1A7DAF4FF4B}"
EndProject
Project("{FAE04EC0-301F-11D3-BF4B-00C04F79EFBC}") = "Yx.Portal.Tests", "Yx.Portal.Tests\Yx.Portal.Tests.csproj", "{731A0BED-4DF9-4F82-BA17-D9AFD0B22526}"
EndProject
Project("{2150E333-8FDC-42A3-9474-1A3956D46DE8}") = "Services", "Services", "{CF7F75AC-1657-467F-B919-2357E565C22A}"
EndProject
Project("{2150E333-8FDC-42A3-9474-1A3956D46DE8}") = "ServiceProxy", "ServiceProxy", "{FAEC5291-EE3A-456A-871F-7B8AF87E9525}"
EndProject
Project("{2150E333-8FDC-42A3-9474-1A3956D46DE8}") = "Business", "Business", "{82D82167-5DBB-41E8-9E9F-370E0A7386E3}"
EndProject
Project("{FAE04EC0-301F-11D3-BF4B-00C04F79EFBC}") = "Yx.Business.Basic", "Yx.Business.Basic\Yx.Business.Basic.csproj", "{9DA5C0DD-1A75-4A5F-97EB-7ADBC0A96446}"
EndProject
Project("{FAE04EC0-301F-11D3-BF4B-00C04F79EFBC}") = "Yx.ServiceProxy.Basic", "Yx.ServiceProxy.Basic\Yx.ServiceProxy.Basic.csproj", "{EF3490E2-C243-4B69-95C4-BED0AFC99E14}"
	ProjectSection(ProjectDependencies) = postProject
		{46BBED7B-8D0E-4040-85D5-2020DA0AE71C} = {46BBED7B-8D0E-4040-85D5-2020DA0AE71C}
	EndProjectSection
EndProject
Project("{FAE04EC0-301F-11D3-BF4B-00C04F79EFBC}") = "Yx.Service.Baisc", "Yx.Service.Baisc\Yx.Service.Baisc.csproj", "{46BBED7B-8D0E-4040-85D5-2020DA0AE71C}"
EndProject
Project("{FAE04EC0-301F-11D3-BF4B-00C04F79EFBC}") = "WindowsFormsApplication1", "WindowsFormsApplication1\WindowsFormsApplication1.csproj", "{1523A15C-74A2-46B7-B830-0B4E1BB5046F}"
	ProjectSection(ProjectDependencies) = postProject
		{46BBED7B-8D0E-4040-85D5-2020DA0AE71C} = {46BBED7B-8D0E-4040-85D5-2020DA0AE71C}
	EndProjectSection
EndProject
Global
	GlobalSection(SolutionConfigurationPlatforms) = preSolution
		Debug|Any CPU = Debug|Any CPU
		Release|Any CPU = Release|Any CPU
	EndGlobalSection
	GlobalSection(ProjectConfigurationPlatforms) = postSolution
		{AC572E3D-462B-4F5F-B785-C40A1C89D0E4}.Debug|Any CPU.ActiveCfg = Debug|Any CPU
		{AC572E3D-462B-4F5F-B785-C40A1C89D0E4}.Debug|Any CPU.Build.0 = Debug|Any CPU
		{AC572E3D-462B-4F5F-B785-C40A1C89D0E4}.Release|Any CPU.ActiveCfg = Release|Any CPU
		{AC572E3D-462B-4F5F-B785-C40A1C89D0E4}.Release|Any CPU.Build.0 = Release|Any CPU
		{B802E1A0-246E-4F38-ABFD-EB7F55D24B09}.Debug|Any CPU.ActiveCfg = Debug|Any CPU
		{B802E1A0-246E-4F38-ABFD-EB7F55D24B09}.Debug|Any CPU.Build.0 = Debug|Any CPU
		{B802E1A0-246E-4F38-ABFD-EB7F55D24B09}.Release|Any CPU.ActiveCfg = Release|Any CPU
		{B802E1A0-246E-4F38-ABFD-EB7F55D24B09}.Release|Any CPU.Build.0 = Release|Any CPU
		{5BA8DCE6-E655-4422-8851-0ACFE041DAEA}.Debug|Any CPU.ActiveCfg = Debug|Any CPU
		{5BA8DCE6-E655-4422-8851-0ACFE041DAEA}.Debug|Any CPU.Build.0 = Debug|Any CPU
		{5BA8DCE6-E655-4422-8851-0ACFE041DAEA}.Release|Any CPU.ActiveCfg = Release|Any CPU
		{5BA8DCE6-E655-4422-8851-0ACFE041DAEA}.Release|Any CPU.Build.0 = Release|Any CPU
		{119F379A-5ED2-4296-8716-FD51BB53181C}.Debug|Any CPU.ActiveCfg = Debug|Any CPU
		{119F379A-5ED2-4296-8716-FD51BB53181C}.Debug|Any CPU.Build.0 = Debug|Any CPU
		{119F379A-5ED2-4296-8716-FD51BB53181C}.Release|Any CPU.ActiveCfg = Release|Any CPU
		{119F379A-5ED2-4296-8716-FD51BB53181C}.Release|Any CPU.Build.0 = Release|Any CPU
		{564A0DFF-B5C9-4E90-9487-A1A7DAF4FF4B}.Debug|Any CPU.ActiveCfg = Debug|Any CPU
		{564A0DFF-B5C9-4E90-9487-A1A7DAF4FF4B}.Debug|Any CPU.Build.0 = Debug|Any CPU
		{564A0DFF-B5C9-4E90-9487-A1A7DAF4FF4B}.Release|Any CPU.ActiveCfg = Release|Any CPU
		{564A0DFF-B5C9-4E90-9487-A1A7DAF4FF4B}.Release|Any CPU.Build.0 = Release|Any CPU
		{731A0BED-4DF9-4F82-BA17-D9AFD0B22526}.Debug|Any CPU.ActiveCfg = Debug|Any CPU
		{731A0BED-4DF9-4F82-BA17-D9AFD0B22526}.Debug|Any CPU.Build.0 = Debug|Any CPU
		{731A0BED-4DF9-4F82-BA17-D9AFD0B22526}.Release|Any CPU.ActiveCfg = Release|Any CPU
		{731A0BED-4DF9-4F82-BA17-D9AFD0B22526}.Release|Any CPU.Build.0 = Release|Any CPU
		{9DA5C0DD-1A75-4A5F-97EB-7ADBC0A96446}.Debug|Any CPU.ActiveCfg = Debug|Any CPU
		{9DA5C0DD-1A75-4A5F-97EB-7ADBC0A96446}.Debug|Any CPU.Build.0 = Debug|Any CPU
		{9DA5C0DD-1A75-4A5F-97EB-7ADBC0A96446}.Release|Any CPU.ActiveCfg = Release|Any CPU
		{9DA5C0DD-1A75-4A5F-97EB-7ADBC0A96446}.Release|Any CPU.Build.0 = Release|Any CPU
		{EF3490E2-C243-4B69-95C4-BED0AFC99E14}.Debug|Any CPU.ActiveCfg = Debug|Any CPU
		{EF3490E2-C243-4B69-95C4-BED0AFC99E14}.Debug|Any CPU.Build.0 = Debug|Any CPU
		{EF3490E2-C243-4B69-95C4-BED0AFC99E14}.Release|Any CPU.ActiveCfg = Release|Any CPU
		{EF3490E2-C243-4B69-95C4-BED0AFC99E14}.Release|Any CPU.Build.0 = Release|Any CPU
		{46BBED7B-8D0E-4040-85D5-2020DA0AE71C}.Debug|Any CPU.ActiveCfg = Debug|Any CPU
		{46BBED7B-8D0E-4040-85D5-2020DA0AE71C}.Debug|Any CPU.Build.0 = Debug|Any CPU
		{46BBED7B-8D0E-4040-85D5-2020DA0AE71C}.Release|Any CPU.ActiveCfg = Release|Any CPU
		{46BBED7B-8D0E-4040-85D5-2020DA0AE71C}.Release|Any CPU.Build.0 = Release|Any CPU
		{1523A15C-74A2-46B7-B830-0B4E1BB5046F}.Debug|Any CPU.ActiveCfg = Debug|Any CPU
		{1523A15C-74A2-46B7-B830-0B4E1BB5046F}.Debug|Any CPU.Build.0 = Debug|Any CPU
		{1523A15C-74A2-46B7-B830-0B4E1BB5046F}.Release|Any CPU.ActiveCfg = Release|Any CPU
		{1523A15C-74A2-46B7-B830-0B4E1BB5046F}.Release|Any CPU.Build.0 = Release|Any CPU
	EndGlobalSection
	GlobalSection(SolutionProperties) = preSolution
		HideSolutionNode = FALSE
	EndGlobalSection
	GlobalSection(NestedProjects) = preSolution
		{AC572E3D-462B-4F5F-B785-C40A1C89D0E4} = {9C03B017-05A7-4E26-895F-3F7E7381B0D0}
		{B802E1A0-246E-4F38-ABFD-EB7F55D24B09} = {9C03B017-05A7-4E26-895F-3F7E7381B0D0}
		{5BA8DCE6-E655-4422-8851-0ACFE041DAEA} = {4D6CD95D-A82F-47B6-92FC-D0F2D875DB48}
		{564A0DFF-B5C9-4E90-9487-A1A7DAF4FF4B} = {103E1C4F-4E0B-4F99-A1EE-3F14AB0FA6D3}
		{731A0BED-4DF9-4F82-BA17-D9AFD0B22526} = {103E1C4F-4E0B-4F99-A1EE-3F14AB0FA6D3}
		{1523A15C-74A2-46B7-B830-0B4E1BB5046F} = {103E1C4F-4E0B-4F99-A1EE-3F14AB0FA6D3}
		{46BBED7B-8D0E-4040-85D5-2020DA0AE71C} = {CF7F75AC-1657-467F-B919-2357E565C22A}
		{EF3490E2-C243-4B69-95C4-BED0AFC99E14} = {FAEC5291-EE3A-456A-871F-7B8AF87E9525}
		{9DA5C0DD-1A75-4A5F-97EB-7ADBC0A96446} = {82D82167-5DBB-41E8-9E9F-370E0A7386E3}
	EndGlobalSection
EndGlobal
